
Microsoft Visual Studio Solution File, Format Version 12.00
# Visual Studio Version 17
VisualStudioVersion = 17.8.34330.188
MinimumVisualStudioVersion = 10.0.40219.1
Project("{FAE04EC0-301F-11D3-BF4B-00C04F79EFBC}") = "BotwShopDataUtil", "BotwShopDataUtil\BotwShopDataUtil.csproj", "{AFAD0D36-DCA8-4DEA-8218-99CEAE17685B}"
EndProject
Global
	GlobalSection(SolutionConfigurationPlatforms) = preSolution
		Debug|Any CPU = Debug|Any CPU
		Release|Any CPU = Release|Any CPU
	EndGlobalSection
	GlobalSection(ProjectConfigurationPlatforms) = postSolution
		{AFAD0D36-DCA8-4DEA-8218-99CEAE17685B}.Debug|Any CPU.ActiveCfg = Debug|Any CPU
		{AFAD0D36-DCA8-4DEA-8218-99CEAE17685B}.Debug|Any CPU.Build.0 = Debug|Any CPU
		{AFAD0D36-DCA8-4DEA-8218-99CEAE17685B}.Release|Any CPU.ActiveCfg = Release|Any CPU
		{AFAD0D36-DCA8-4DEA-8218-99CEAE17685B}.Release|Any CPU.Build.0 = Release|Any CPU
	EndGlobalSection
	GlobalSection(SolutionProperties) = preSolution
		HideSolutionNode = FALSE
	EndGlobalSection
	GlobalSection(ExtensibilityGlobals) = postSolution
		SolutionGuid = {B97877F7-6650-44C2-B848-103ED9901788}
	EndGlobalSection
EndGlobal
